
Microsoft Visual Studio Solution File, Format Version 12.00
# Visual Studio Version 17
VisualStudioVersion = 17.7.34018.315
MinimumVisualStudioVersion = 10.0.40219.1
Project("{FAE04EC0-301F-11D3-BF4B-00C04F79EFBC}") = "uppg4", "uppg4\uppg4.csproj", "{C72CD9DA-C607-4484-94D3-0E81686FFB6B}"
EndProject
Global
	GlobalSection(SolutionConfigurationPlatforms) = preSolution
		Debug|Any CPU = Debug|Any CPU
		Release|Any CPU = Release|Any CPU
	EndGlobalSection
	GlobalSection(ProjectConfigurationPlatforms) = postSolution
		{C72CD9DA-C607-4484-94D3-0E81686FFB6B}.Debug|Any CPU.ActiveCfg = Debug|Any CPU
		{C72CD9DA-C607-4484-94D3-0E81686FFB6B}.Debug|Any CPU.Build.0 = Debug|Any CPU
		{C72CD9DA-C607-4484-94D3-0E81686FFB6B}.Release|Any CPU.ActiveCfg = Release|Any CPU
		{C72CD9DA-C607-4484-94D3-0E81686FFB6B}.Release|Any CPU.Build.0 = Release|Any CPU
	EndGlobalSection
	GlobalSection(SolutionProperties) = preSolution
		HideSolutionNode = FALSE
	EndGlobalSection
	GlobalSection(ExtensibilityGlobals) = postSolution
		SolutionGuid = {2DA4CB10-4B06-4F88-9067-463AD11735D9}
	EndGlobalSection
EndGlobal
