
Microsoft Visual Studio Solution File, Format Version 12.00
# Visual Studio Version 17
VisualStudioVersion = 17.7.34018.315
MinimumVisualStudioVersion = 10.0.40219.1
Project("{FAE04EC0-301F-11D3-BF4B-00C04F79EFBC}") = "uppg2", "uppg2\uppg2.csproj", "{83B231E3-D468-4188-9C78-72E5F1F12EC6}"
EndProject
Global
	GlobalSection(SolutionConfigurationPlatforms) = preSolution
		Debug|Any CPU = Debug|Any CPU
		Release|Any CPU = Release|Any CPU
	EndGlobalSection
	GlobalSection(ProjectConfigurationPlatforms) = postSolution
		{83B231E3-D468-4188-9C78-72E5F1F12EC6}.Debug|Any CPU.ActiveCfg = Debug|Any CPU
		{83B231E3-D468-4188-9C78-72E5F1F12EC6}.Debug|Any CPU.Build.0 = Debug|Any CPU
		{83B231E3-D468-4188-9C78-72E5F1F12EC6}.Release|Any CPU.ActiveCfg = Release|Any CPU
		{83B231E3-D468-4188-9C78-72E5F1F12EC6}.Release|Any CPU.Build.0 = Release|Any CPU
	EndGlobalSection
	GlobalSection(SolutionProperties) = preSolution
		HideSolutionNode = FALSE
	EndGlobalSection
	GlobalSection(ExtensibilityGlobals) = postSolution
		SolutionGuid = {63BC6E3F-FBEB-4669-AC3B-328C187E3EEA}
	EndGlobalSection
EndGlobal
